// !$*UTF8*$!
{
	archiveVersion = 1;
	classes = {
	};
	objectVersion = 48;
	objects = {

/* Begin PBXBuildFile section */
		4726B1401FD9F67000261035 /* UIView.swift in Sources */ = {isa = PBXBuildFile; fileRef = 4726B13F1FD9F67000261035 /* UIView.swift */; };
		47B4A0331FD9C07E005A2C7A /* AppDelegate.swift in Sources */ = {isa = PBXBuildFile; fileRef = 47B4A0321FD9C07E005A2C7A /* AppDelegate.swift */; };
		47B4A0351FD9C07E005A2C7A /* RootViewController.swift in Sources */ = {isa = PBXBuildFile; fileRef = 47B4A0341FD9C07E005A2C7A /* RootViewController.swift */; };
		47B4A03B1FD9C07E005A2C7A /* Cheqlist.xcdatamodeld in Sources */ = {isa = PBXBuildFile; fileRef = 47B4A0391FD9C07E005A2C7A /* Cheqlist.xcdatamodeld */; };
		47B4A03D1FD9C07E005A2C7A /* Assets.xcassets in Resources */ = {isa = PBXBuildFile; fileRef = 47B4A03C1FD9C07E005A2C7A /* Assets.xcassets */; };
		47B4A0401FD9C07E005A2C7A /* LaunchScreen.storyboard in Resources */ = {isa = PBXBuildFile; fileRef = 47B4A03E1FD9C07E005A2C7A /* LaunchScreen.storyboard */; };
/* End PBXBuildFile section */

/* Begin PBXFileReference section */
		4726B13F1FD9F67000261035 /* UIView.swift */ = {isa = PBXFileReference; lastKnownFileType = sourcecode.swift; path = UIView.swift; sourceTree = "<group>"; };
		47B4A02F1FD9C07E005A2C7A /* Cheqlist.app */ = {isa = PBXFileReference; explicitFileType = wrapper.application; includeInIndex = 0; path = Cheqlist.app; sourceTree = BUILT_PRODUCTS_DIR; };
		47B4A0321FD9C07E005A2C7A /* AppDelegate.swift */ = {isa = PBXFileReference; lastKnownFileType = sourcecode.swift; path = AppDelegate.swift; sourceTree = "<group>"; };
		47B4A0341FD9C07E005A2C7A /* RootViewController.swift */ = {isa = PBXFileReference; lastKnownFileType = sourcecode.swift; path = RootViewController.swift; sourceTree = "<group>"; };
		47B4A03A1FD9C07E005A2C7A /* Cheqlist.xcdatamodel */ = {isa = PBXFileReference; lastKnownFileType = wrapper.xcdatamodel; path = Cheqlist.xcdatamodel; sourceTree = "<group>"; };
		47B4A03C1FD9C07E005A2C7A /* Assets.xcassets */ = {isa = PBXFileReference; lastKnownFileType = folder.assetcatalog; path = Assets.xcassets; sourceTree = "<group>"; };
		47B4A03F1FD9C07E005A2C7A /* Base */ = {isa = PBXFileReference; lastKnownFileType = file.storyboard; name = Base; path = Base.lproj/LaunchScreen.storyboard; sourceTree = "<group>"; };
		47B4A0411FD9C07E005A2C7A /* Info.plist */ = {isa = PBXFileReference; lastKnownFileType = text.plist.xml; path = Info.plist; sourceTree = "<group>"; };
/* End PBXFileReference section */

/* Begin PBXFrameworksBuildPhase section */
		47B4A02C1FD9C07D005A2C7A /* Frameworks */ = {
			isa = PBXFrameworksBuildPhase;
			buildActionMask = 2147483647;
			files = (
			);
			runOnlyForDeploymentPostprocessing = 0;
		};
/* End PBXFrameworksBuildPhase section */

/* Begin PBXGroup section */
		4726B13C1FD9E81D00261035 /* Extras */ = {
			isa = PBXGroup;
			children = (
				47B4A03C1FD9C07E005A2C7A /* Assets.xcassets */,
				47B4A0411FD9C07E005A2C7A /* Info.plist */,
			);
			path = Extras;
			sourceTree = "<group>";
		};
		4726B13D1FD9E82900261035 /* ApplicationMain */ = {
			isa = PBXGroup;
			children = (
				47B4A0321FD9C07E005A2C7A /* AppDelegate.swift */,
				47B4A0341FD9C07E005A2C7A /* RootViewController.swift */,
				47B4A03E1FD9C07E005A2C7A /* LaunchScreen.storyboard */,
				47B4A0391FD9C07E005A2C7A /* Cheqlist.xcdatamodeld */,
			);
			path = ApplicationMain;
			sourceTree = "<group>";
		};
		4726B13E1FD9F64B00261035 /* Models */ = {
			isa = PBXGroup;
			children = (
			);
			path = Models;
			sourceTree = "<group>";
		};
		4726B1411FD9F8AA00261035 /* Extensions */ = {
			isa = PBXGroup;
			children = (
				4726B13F1FD9F67000261035 /* UIView.swift */,
			);
			path = Extensions;
			sourceTree = "<group>";
		};
		47B4A0261FD9C07D005A2C7A = {
			isa = PBXGroup;
			children = (
				47B4A0311FD9C07E005A2C7A /* Cheqlist */,
				47B4A0301FD9C07E005A2C7A /* Products */,
			);
			sourceTree = "<group>";
		};
		47B4A0301FD9C07E005A2C7A /* Products */ = {
			isa = PBXGroup;
			children = (
				47B4A02F1FD9C07E005A2C7A /* Cheqlist.app */,
			);
			name = Products;
			sourceTree = "<group>";
		};
		47B4A0311FD9C07E005A2C7A /* Cheqlist */ = {
			isa = PBXGroup;
			children = (
				4726B13D1FD9E82900261035 /* ApplicationMain */,
				4726B1411FD9F8AA00261035 /* Extensions */,
				4726B13E1FD9F64B00261035 /* Models */,
				4726B13C1FD9E81D00261035 /* Extras */,
			);
			path = Cheqlist;
			sourceTree = "<group>";
		};
/* End PBXGroup section */

/* Begin PBXNativeTarget section */
		47B4A02E1FD9C07D005A2C7A /* Cheqlist */ = {
			isa = PBXNativeTarget;
			buildConfigurationList = 47B4A0441FD9C07E005A2C7A /* Build configuration list for PBXNativeTarget "Cheqlist" */;
			buildPhases = (
				47B4A02B1FD9C07D005A2C7A /* Sources */,
				47B4A02C1FD9C07D005A2C7A /* Frameworks */,
				47B4A02D1FD9C07D005A2C7A /* Resources */,
			);
			buildRules = (
			);
			dependencies = (
			);
			name = Cheqlist;
			productName = Cheqlist;
			productReference = 47B4A02F1FD9C07E005A2C7A /* Cheqlist.app */;
			productType = "com.apple.product-type.application";
		};
/* End PBXNativeTarget section */

/* Begin PBXProject section */
		47B4A0271FD9C07D005A2C7A /* Project object */ = {
			isa = PBXProject;
			attributes = {
				LastSwiftUpdateCheck = 0920;
				LastUpgradeCheck = 0920;
				ORGANIZATIONNAME = "Psyjnir, Inc";
				TargetAttributes = {
					47B4A02E1FD9C07D005A2C7A = {
						CreatedOnToolsVersion = 9.2;
						ProvisioningStyle = Automatic;
					};
				};
			};
			buildConfigurationList = 47B4A02A1FD9C07D005A2C7A /* Build configuration list for PBXProject "Cheqlist" */;
			compatibilityVersion = "Xcode 8.0";
			developmentRegion = en;
			hasScannedForEncodings = 0;
			knownRegions = (
				en,
				Base,
			);
			mainGroup = 47B4A0261FD9C07D005A2C7A;
			productRefGroup = 47B4A0301FD9C07E005A2C7A /* Products */;
			projectDirPath = "";
			projectRoot = "";
			targets = (
				47B4A02E1FD9C07D005A2C7A /* Cheqlist */,
			);
		};
/* End PBXProject section */

/* Begin PBXResourcesBuildPhase section */
		47B4A02D1FD9C07D005A2C7A /* Resources */ = {
			isa = PBXResourcesBuildPhase;
			buildActionMask = 2147483647;
			files = (
				47B4A0401FD9C07E005A2C7A /* LaunchScreen.storyboard in Resources */,
				47B4A03D1FD9C07E005A2C7A /* Assets.xcassets in Resources */,
			);
			runOnlyForDeploymentPostprocessing = 0;
		};
/* End PBXResourcesBuildPhase section */

/* Begin PBXSourcesBuildPhase section */
		47B4A02B1FD9C07D005A2C7A /* Sources */ = {
			isa = PBXSourcesBuildPhase;
			buildActionMask = 2147483647;
			files = (
				47B4A0351FD9C07E005A2C7A /* RootViewController.swift in Sources */,
				4726B1401FD9F67000261035 /* UIView.swift in Sources */,
				47B4A0331FD9C07E005A2C7A /* AppDelegate.swift in Sources */,
				47B4A03B1FD9C07E005A2C7A /* Cheqlist.xcdatamodeld in Sources */,
			);
			runOnlyForDeploymentPostprocessing = 0;
		};
/* End PBXSourcesBuildPhase section */

/* Begin PBXVariantGroup section */
		47B4A03E1FD9C07E005A2C7A /* LaunchScreen.storyboard */ = {
			isa = PBXVariantGroup;
			children = (
				47B4A03F1FD9C07E005A2C7A /* Base */,
			);
			name = LaunchScreen.storyboard;
			sourceTree = "<group>";
		};
/* End PBXVariantGroup section */

/* Begin XCBuildConfiguration section */
		47B4A0421FD9C07E005A2C7A /* Debug */ = {
			isa = XCBuildConfiguration;
			buildSettings = {
				ALWAYS_SEARCH_USER_PATHS = NO;
				CLANG_ANALYZER_NONNULL = YES;
				CLANG_ANALYZER_NUMBER_OBJECT_CONVERSION = YES_AGGRESSIVE;
				CLANG_CXX_LANGUAGE_STANDARD = "gnu++14";
				CLANG_CXX_LIBRARY = "libc++";
				CLANG_ENABLE_MODULES = YES;
				CLANG_ENABLE_OBJC_ARC = YES;
				CLANG_WARN_BLOCK_CAPTURE_AUTORELEASING = YES;
				CLANG_WARN_BOOL_CONVERSION = YES;
				CLANG_WARN_COMMA = YES;
				CLANG_WARN_CONSTANT_CONVERSION = YES;
				CLANG_WARN_DIRECT_OBJC_ISA_USAGE = YES_ERROR;
				CLANG_WARN_DOCUMENTATION_COMMENTS = YES;
				CLANG_WARN_EMPTY_BODY = YES;
				CLANG_WARN_ENUM_CONVERSION = YES;
				CLANG_WARN_INFINITE_RECURSION = YES;
				CLANG_WARN_INT_CONVERSION = YES;
				CLANG_WARN_NON_LITERAL_NULL_CONVERSION = YES;
				CLANG_WARN_OBJC_LITERAL_CONVERSION = YES;
				CLANG_WARN_OBJC_ROOT_CLASS = YES_ERROR;
				CLANG_WARN_RANGE_LOOP_ANALYSIS = YES;
				CLANG_WARN_STRICT_PROTOTYPES = YES;
				CLANG_WARN_SUSPICIOUS_MOVE = YES;
				CLANG_WARN_UNGUARDED_AVAILABILITY = YES_AGGRESSIVE;
				CLANG_WARN_UNREACHABLE_CODE = YES;
				CLANG_WARN__DUPLICATE_METHOD_MATCH = YES;
				CODE_SIGN_IDENTITY = "iPhone Developer";
				COPY_PHASE_STRIP = NO;
				DEBUG_INFORMATION_FORMAT = dwarf;
				ENABLE_STRICT_OBJC_MSGSEND = YES;
				ENABLE_TESTABILITY = YES;
				GCC_C_LANGUAGE_STANDARD = gnu11;
				GCC_DYNAMIC_NO_PIC = NO;
				GCC_NO_COMMON_BLOCKS = YES;
				GCC_OPTIMIZATION_LEVEL = 0;
				GCC_PREPROCESSOR_DEFINITIONS = (
					"DEBUG=1",
					"$(inherited)",
				);
				GCC_WARN_64_TO_32_BIT_CONVERSION = YES;
				GCC_WARN_ABOUT_RETURN_TYPE = YES_ERROR;
				GCC_WARN_UNDECLARED_SELECTOR = YES;
				GCC_WARN_UNINITIALIZED_AUTOS = YES_AGGRESSIVE;
				GCC_WARN_UNUSED_FUNCTION = YES;
				GCC_WARN_UNUSED_VARIABLE = YES;
				IPHONEOS_DEPLOYMENT_TARGET = 11.2;
				MTL_ENABLE_DEBUG_INFO = YES;
				ONLY_ACTIVE_ARCH = YES;
				SDKROOT = iphoneos;
				SWIFT_ACTIVE_COMPILATION_CONDITIONS = DEBUG;
				SWIFT_OPTIMIZATION_LEVEL = "-Onone";
			};
			name = Debug;
		};
		47B4A0431FD9C07E005A2C7A /* Release */ = {
			isa = XCBuildConfiguration;
			buildSettings = {
				ALWAYS_SEARCH_USER_PATHS = NO;
				CLANG_ANALYZER_NONNULL = YES;
				CLANG_ANALYZER_NUMBER_OBJECT_CONVERSION = YES_AGGRESSIVE;
				CLANG_CXX_LANGUAGE_STANDARD = "gnu++14";
				CLANG_CXX_LIBRARY = "libc++";
				CLANG_ENABLE_MODULES = YES;
				CLANG_ENABLE_OBJC_ARC = YES;
				CLANG_WARN_BLOCK_CAPTURE_AUTORELEASING = YES;
				CLANG_WARN_BOOL_CONVERSION = YES;
				CLANG_WARN_COMMA = YES;
				CLANG_WARN_CONSTANT_CONVERSION = YES;
				CLANG_WARN_DIRECT_OBJC_ISA_USAGE = YES_ERROR;
				CLANG_WARN_DOCUMENTATION_COMMENTS = YES;
				CLANG_WARN_EMPTY_BODY = YES;
				CLANG_WARN_ENUM_CONVERSION = YES;
				CLANG_WARN_INFINITE_RECURSION = YES;
				CLANG_WARN_INT_CONVERSION = YES;
				CLANG_WARN_NON_LITERAL_NULL_CONVERSION = YES;
				CLANG_WARN_OBJC_LITERAL_CONVERSION = YES;
				CLANG_WARN_OBJC_ROOT_CLASS = YES_ERROR;
				CLANG_WARN_RANGE_LOOP_ANALYSIS = YES;
				CLANG_WARN_STRICT_PROTOTYPES = YES;
				CLANG_WARN_SUSPICIOUS_MOVE = YES;
				CLANG_WARN_UNGUARDED_AVAILABILITY = YES_AGGRESSIVE;
				CLANG_WARN_UNREACHABLE_CODE = YES;
				CLANG_WARN__DUPLICATE_METHOD_MATCH = YES;
				CODE_SIGN_IDENTITY = "iPhone Developer";
				COPY_PHASE_STRIP = NO;
				DEBUG_INFORMATION_FORMAT = "dwarf-with-dsym";
				ENABLE_NS_ASSERTIONS = NO;
				ENABLE_STRICT_OBJC_MSGSEND = YES;
				GCC_C_LANGUAGE_STANDARD = gnu11;
				GCC_NO_COMMON_BLOCKS = YES;
				GCC_WARN_64_TO_32_BIT_CONVERSION = YES;
				GCC_WARN_ABOUT_RETURN_TYPE = YES_ERROR;
				GCC_WARN_UNDECLARED_SELECTOR = YES;
				GCC_WARN_UNINITIALIZED_AUTOS = YES_AGGRESSIVE;
				GCC_WARN_UNUSED_FUNCTION = YES;
				GCC_WARN_UNUSED_VARIABLE = YES;
				IPHONEOS_DEPLOYMENT_TARGET = 11.2;
				MTL_ENABLE_DEBUG_INFO = NO;
				SDKROOT = iphoneos;
				SWIFT_OPTIMIZATION_LEVEL = "-Owholemodule";
				VALIDATE_PRODUCT = YES;
			};
			name = Release;
		};
		47B4A0451FD9C07E005A2C7A /* Debug */ = {
			isa = XCBuildConfiguration;
			buildSettings = {
				ASSETCATALOG_COMPILER_APPICON_NAME = AppIcon;
				CODE_SIGN_STYLE = Automatic;
				DEVELOPMENT_TEAM = S82S6A3Z2W;
				INFOPLIST_FILE = Cheqlist/Extras/Info.plist;
				IPHONEOS_DEPLOYMENT_TARGET = 11.0;
				LD_RUNPATH_SEARCH_PATHS = "$(inherited) @executable_path/Frameworks";
				PRODUCT_BUNDLE_IDENTIFIER = com.PsyjnirInc.Cheqlist;
				PRODUCT_NAME = "$(TARGET_NAME)";
				SWIFT_VERSION = 4.0;
				TARGETED_DEVICE_FAMILY = "1,2";
			};
			name = Debug;
		};
		47B4A0461FD9C07E005A2C7A /* Release */ = {
			isa = XCBuildConfiguration;
			buildSettings = {
				ASSETCATALOG_COMPILER_APPICON_NAME = AppIcon;
				CODE_SIGN_STYLE = Automatic;
				DEVELOPMENT_TEAM = S82S6A3Z2W;
				INFOPLIST_FILE = Cheqlist/Extras/Info.plist;
				IPHONEOS_DEPLOYMENT_TARGET = 11.0;
				LD_RUNPATH_SEARCH_PATHS = "$(inherited) @executable_path/Frameworks";
				PRODUCT_BUNDLE_IDENTIFIER = com.PsyjnirInc.Cheqlist;
				PRODUCT_NAME = "$(TARGET_NAME)";
				SWIFT_VERSION = 4.0;
				TARGETED_DEVICE_FAMILY = "1,2";
			};
			name = Release;
		};
/* End XCBuildConfiguration section */

/* Begin XCConfigurationList section */
		47B4A02A1FD9C07D005A2C7A /* Build configuration list for PBXProject "Cheqlist" */ = {
			isa = XCConfigurationList;
			buildConfigurations = (
				47B4A0421FD9C07E005A2C7A /* Debug */,
				47B4A0431FD9C07E005A2C7A /* Release */,
			);
			defaultConfigurationIsVisible = 0;
			defaultConfigurationName = Release;
		};
		47B4A0441FD9C07E005A2C7A /* Build configuration list for PBXNativeTarget "Cheqlist" */ = {
			isa = XCConfigurationList;
			buildConfigurations = (
				47B4A0451FD9C07E005A2C7A /* Debug */,
				47B4A0461FD9C07E005A2C7A /* Release */,
			);
			defaultConfigurationIsVisible = 0;
			defaultConfigurationName = Release;
		};
/* End XCConfigurationList section */

/* Begin XCVersionGroup section */
		47B4A0391FD9C07E005A2C7A /* Cheqlist.xcdatamodeld */ = {
			isa = XCVersionGroup;
			children = (
				47B4A03A1FD9C07E005A2C7A /* Cheqlist.xcdatamodel */,
			);
			currentVersion = 47B4A03A1FD9C07E005A2C7A /* Cheqlist.xcdatamodel */;
			path = Cheqlist.xcdatamodeld;
			sourceTree = "<group>";
			versionGroupType = wrapper.xcdatamodel;
		};
/* End XCVersionGroup section */
	};
	rootObject = 47B4A0271FD9C07D005A2C7A /* Project object */;
}
